// !$*UTF8*$!
{
	archiveVersion = 1;
	classes = {
	};
	objectVersion = 46;
	objects = {

/* Begin PBXBuildFile section */
		2E13A9A41BF7D70000CB84B1 /* Show.swift in Sources */ = {isa = PBXBuildFile; fileRef = 2E13A9A31BF7D70000CB84B1 /* Show.swift */; };
		2E13A9A61BF7DEA900CB84B1 /* Episode.swift in Sources */ = {isa = PBXBuildFile; fileRef = 2E13A9A51BF7DEA900CB84B1 /* Episode.swift */; };
		2E13A9AA1BF7FD0A00CB84B1 /* JSONParser.swift in Sources */ = {isa = PBXBuildFile; fileRef = 2E13A9A91BF7FD0A00CB84B1 /* JSONParser.swift */; };
		2E13A9AC1BF8093100CB84B1 /* Result.swift in Sources */ = {isa = PBXBuildFile; fileRef = 2E13A9AB1BF8093100CB84B1 /* Result.swift */; };
		2E13A9AE1BF80A1900CB84B1 /* Response.swift in Sources */ = {isa = PBXBuildFile; fileRef = 2E13A9AD1BF80A1900CB84B1 /* Response.swift */; };
		2E13A9B01BF80BF800CB84B1 /* Functional.swift in Sources */ = {isa = PBXBuildFile; fileRef = 2E13A9AF1BF80BF800CB84B1 /* Functional.swift */; };
		2E1610501AEFEC73009C3E74 /* ShowViewController.swift in Sources */ = {isa = PBXBuildFile; fileRef = 2E16104F1AEFEC73009C3E74 /* ShowViewController.swift */; };
		2E1610521AF173AD009C3E74 /* Season.swift in Sources */ = {isa = PBXBuildFile; fileRef = 2E1610511AF173AD009C3E74 /* Season.swift */; };
		2E43D7941B0D0D61005D7FC6 /* Character.swift in Sources */ = {isa = PBXBuildFile; fileRef = 2E43D7931B0D0D61005D7FC6 /* Character.swift */; };
		2E43D7961B0D11F8005D7FC6 /* CharactersViewController.swift in Sources */ = {isa = PBXBuildFile; fileRef = 2E43D7951B0D11F8005D7FC6 /* CharactersViewController.swift */; };
		2E4C0F841AEED3EA00722052 /* CurrentEpisodeViewCell.swift in Sources */ = {isa = PBXBuildFile; fileRef = 2E4C0F831AEED3EA00722052 /* CurrentEpisodeViewCell.swift */; };
		2E551B961B23CA6900755FB6 /* OutfitsViewController.swift in Sources */ = {isa = PBXBuildFile; fileRef = 2E551B951B23CA6900755FB6 /* OutfitsViewController.swift */; };
		2E551B981B23CC9300755FB6 /* OutfitItem.swift in Sources */ = {isa = PBXBuildFile; fileRef = 2E551B971B23CC9300755FB6 /* OutfitItem.swift */; };
		2E7B0B251B23A15800668FB8 /* Outfit.swift in Sources */ = {isa = PBXBuildFile; fileRef = 2E7B0B241B23A15800668FB8 /* Outfit.swift */; };
		2E7FC3D21AFE74C0001F3BDA /* Constants.swift in Sources */ = {isa = PBXBuildFile; fileRef = 2E7FC3D11AFE74C0001F3BDA /* Constants.swift */; };
		2E9B944A1AF17E9F0034A9D3 /* SeasonService.swift in Sources */ = {isa = PBXBuildFile; fileRef = 2E9B94491AF17E9F0034A9D3 /* SeasonService.swift */; };
		2E9B94521AF2B4B60034A9D3 /* SeasonsTableViewCell.swift in Sources */ = {isa = PBXBuildFile; fileRef = 2E9B94511AF2B4B60034A9D3 /* SeasonsTableViewCell.swift */; };
		2E9B94541AF2E5F00034A9D3 /* seasonsTableCell.xib in Resources */ = {isa = PBXBuildFile; fileRef = 2E9B94531AF2E5F00034A9D3 /* seasonsTableCell.xib */; };
		2E9F3D361ADC25D700EB5DAF /* AppDelegate.swift in Sources */ = {isa = PBXBuildFile; fileRef = 2E9F3D351ADC25D700EB5DAF /* AppDelegate.swift */; };
		2E9F3D3D1ADC25D700EB5DAF /* Main.storyboard in Resources */ = {isa = PBXBuildFile; fileRef = 2E9F3D3B1ADC25D700EB5DAF /* Main.storyboard */; };
		2E9F3D3F1ADC25D700EB5DAF /* Images.xcassets in Resources */ = {isa = PBXBuildFile; fileRef = 2E9F3D3E1ADC25D700EB5DAF /* Images.xcassets */; };
		2E9F3D421ADC25D700EB5DAF /* LaunchScreen.xib in Resources */ = {isa = PBXBuildFile; fileRef = 2E9F3D401ADC25D700EB5DAF /* LaunchScreen.xib */; };
		2E9F3D4E1ADC25D700EB5DAF /* TvAppTests.swift in Sources */ = {isa = PBXBuildFile; fileRef = 2E9F3D4D1ADC25D700EB5DAF /* TvAppTests.swift */; };
		2E9F3D601ADC2B6900EB5DAF /* AllShowsViewController.swift in Sources */ = {isa = PBXBuildFile; fileRef = 2E9F3D5F1ADC2B6900EB5DAF /* AllShowsViewController.swift */; };
		2E9F3D6A1ADC4EDD00EB5DAF /* CurrentEpisodesViewController.swift in Sources */ = {isa = PBXBuildFile; fileRef = 2E9F3D691ADC4EDD00EB5DAF /* CurrentEpisodesViewController.swift */; };
		2E9F3D6E1ADC5DC400EB5DAF /* SettingsViewController.swift in Sources */ = {isa = PBXBuildFile; fileRef = 2E9F3D6D1ADC5DC400EB5DAF /* SettingsViewController.swift */; };
		2EA2EF2F1B01680A0064471C /* StringManipulation.swift in Sources */ = {isa = PBXBuildFile; fileRef = 2EA2EF2E1B01680A0064471C /* StringManipulation.swift */; };
		2EA691C01AFAB71400364A96 /* SeasonViewController.swift in Sources */ = {isa = PBXBuildFile; fileRef = 2EA691BF1AFAB71400364A96 /* SeasonViewController.swift */; };
		2EB192131AEECF8800275CB4 /* currentEpisodesTableViewCell.xib in Resources */ = {isa = PBXBuildFile; fileRef = 2EB192121AEECF8800275CB4 /* currentEpisodesTableViewCell.xib */; };
		2EDA534D1B06778B00DE0A18 /* EpisodeViewController.swift in Sources */ = {isa = PBXBuildFile; fileRef = 2EDA534C1B06778B00DE0A18 /* EpisodeViewController.swift */; };
		2EE425601ADEB38700069B32 /* HTTPHelper.swift in Sources */ = {isa = PBXBuildFile; fileRef = 2EE4255F1ADEB38700069B32 /* HTTPHelper.swift */; };
		2EE425621AE001E400069B32 /* Development.plist in Resources */ = {isa = PBXBuildFile; fileRef = 2EE425611AE001E400069B32 /* Development.plist */; };
		2EE425641AE0020C00069B32 /* Production.plist in Resources */ = {isa = PBXBuildFile; fileRef = 2EE425631AE0020C00069B32 /* Production.plist */; };
		2EE425661AE00FED00069B32 /* EnvConfiguration.swift in Sources */ = {isa = PBXBuildFile; fileRef = 2EE425651AE00FED00069B32 /* EnvConfiguration.swift */; };
		2EE425751AE5B73000069B32 /* ShowService.swift in Sources */ = {isa = PBXBuildFile; fileRef = 2EE425741AE5B73000069B32 /* ShowService.swift */; };
		2EE425801AE7031500069B32 /* showsTableCell.xib in Resources */ = {isa = PBXBuildFile; fileRef = 2EE4257F1AE7031500069B32 /* showsTableCell.xib */; };
		2EE425821AE703A000069B32 /* AllShowsTableViewCell.swift in Sources */ = {isa = PBXBuildFile; fileRef = 2EE425811AE703A000069B32 /* AllShowsTableViewCell.swift */; };
		2EE425841AE7196B00069B32 /* ColorFromHex.swift in Sources */ = {isa = PBXBuildFile; fileRef = 2EE425831AE7196B00069B32 /* ColorFromHex.swift */; };
		2EE4258A1AE8391F00069B32 /* EpisodeService.swift in Sources */ = {isa = PBXBuildFile; fileRef = 2EE425891AE8391F00069B32 /* EpisodeService.swift */; };
		2EFA03B51AEA676C005CABCA /* ITC Avant Garde Gothic LT Extra Light.ttf in Resources */ = {isa = PBXBuildFile; fileRef = 2EFA03B41AEA6752005CABCA /* ITC Avant Garde Gothic LT Extra Light.ttf */; };
		2EFA03B61AEA6770005CABCA /* ITC Avant Garde Gothic LT Demi.ttf in Resources */ = {isa = PBXBuildFile; fileRef = 2EFA03B31AEA6752005CABCA /* ITC Avant Garde Gothic LT Demi.ttf */; };
		2EFA03B71AEA6772005CABCA /* ITC Avant Garde Gothic LT Book.ttf in Resources */ = {isa = PBXBuildFile; fileRef = 2EFA03B21AEA6752005CABCA /* ITC Avant Garde Gothic LT Book.ttf */; };
		2EFA03B81AEA6775005CABCA /* ITC Avant Garde Gothic LT Bold.ttf in Resources */ = {isa = PBXBuildFile; fileRef = 2EFA03B11AEA6752005CABCA /* ITC Avant Garde Gothic LT Bold.ttf */; };
		847B0F9709E4E2E72FF7CDBD /* libPods.a in Frameworks */ = {isa = PBXBuildFile; fileRef = B9921AFDF95E9EB8D1F7BB83 /* libPods.a */; };
/* End PBXBuildFile section */

/* Begin PBXContainerItemProxy section */
		2E9F3D481ADC25D700EB5DAF /* PBXContainerItemProxy */ = {
			isa = PBXContainerItemProxy;
			containerPortal = 2E9F3D281ADC25D700EB5DAF /* Project object */;
			proxyType = 1;
			remoteGlobalIDString = 2E9F3D2F1ADC25D700EB5DAF;
			remoteInfo = TvApp;
		};
/* End PBXContainerItemProxy section */

/* Begin PBXFileReference section */
		2E13A9A31BF7D70000CB84B1 /* Show.swift */ = {isa = PBXFileReference; fileEncoding = 4; lastKnownFileType = sourcecode.swift; path = Show.swift; sourceTree = "<group>"; };
		2E13A9A51BF7DEA900CB84B1 /* Episode.swift */ = {isa = PBXFileReference; fileEncoding = 4; lastKnownFileType = sourcecode.swift; path = Episode.swift; sourceTree = "<group>"; };
		2E13A9A91BF7FD0A00CB84B1 /* JSONParser.swift */ = {isa = PBXFileReference; fileEncoding = 4; lastKnownFileType = sourcecode.swift; path = JSONParser.swift; sourceTree = "<group>"; };
		2E13A9AB1BF8093100CB84B1 /* Result.swift */ = {isa = PBXFileReference; fileEncoding = 4; lastKnownFileType = sourcecode.swift; path = Result.swift; sourceTree = "<group>"; };
		2E13A9AD1BF80A1900CB84B1 /* Response.swift */ = {isa = PBXFileReference; fileEncoding = 4; lastKnownFileType = sourcecode.swift; path = Response.swift; sourceTree = "<group>"; };
		2E13A9AF1BF80BF800CB84B1 /* Functional.swift */ = {isa = PBXFileReference; fileEncoding = 4; lastKnownFileType = sourcecode.swift; path = Functional.swift; sourceTree = "<group>"; };
		2E16104F1AEFEC73009C3E74 /* ShowViewController.swift */ = {isa = PBXFileReference; fileEncoding = 4; lastKnownFileType = sourcecode.swift; path = ShowViewController.swift; sourceTree = "<group>"; };
		2E1610511AF173AD009C3E74 /* Season.swift */ = {isa = PBXFileReference; fileEncoding = 4; lastKnownFileType = sourcecode.swift; path = Season.swift; sourceTree = "<group>"; };
		2E43D7931B0D0D61005D7FC6 /* Character.swift */ = {isa = PBXFileReference; fileEncoding = 4; lastKnownFileType = sourcecode.swift; path = Character.swift; sourceTree = "<group>"; };
		2E43D7951B0D11F8005D7FC6 /* CharactersViewController.swift */ = {isa = PBXFileReference; fileEncoding = 4; lastKnownFileType = sourcecode.swift; path = CharactersViewController.swift; sourceTree = "<group>"; };
		2E4C0F831AEED3EA00722052 /* CurrentEpisodeViewCell.swift */ = {isa = PBXFileReference; fileEncoding = 4; lastKnownFileType = sourcecode.swift; path = CurrentEpisodeViewCell.swift; sourceTree = "<group>"; };
		2E551B951B23CA6900755FB6 /* OutfitsViewController.swift */ = {isa = PBXFileReference; fileEncoding = 4; lastKnownFileType = sourcecode.swift; path = OutfitsViewController.swift; sourceTree = "<group>"; };
		2E551B971B23CC9300755FB6 /* OutfitItem.swift */ = {isa = PBXFileReference; fileEncoding = 4; lastKnownFileType = sourcecode.swift; path = OutfitItem.swift; sourceTree = "<group>"; };
		2E7B0B241B23A15800668FB8 /* Outfit.swift */ = {isa = PBXFileReference; fileEncoding = 4; lastKnownFileType = sourcecode.swift; path = Outfit.swift; sourceTree = "<group>"; };
		2E7FC3D01AFD1D02001F3BDA /* BridgingHeader.h */ = {isa = PBXFileReference; lastKnownFileType = sourcecode.c.h; path = BridgingHeader.h; sourceTree = "<group>"; };
		2E7FC3D11AFE74C0001F3BDA /* Constants.swift */ = {isa = PBXFileReference; fileEncoding = 4; lastKnownFileType = sourcecode.swift; path = Constants.swift; sourceTree = "<group>"; };
		2E9B94491AF17E9F0034A9D3 /* SeasonService.swift */ = {isa = PBXFileReference; fileEncoding = 4; lastKnownFileType = sourcecode.swift; path = SeasonService.swift; sourceTree = "<group>"; };
		2E9B94511AF2B4B60034A9D3 /* SeasonsTableViewCell.swift */ = {isa = PBXFileReference; fileEncoding = 4; lastKnownFileType = sourcecode.swift; path = SeasonsTableViewCell.swift; sourceTree = "<group>"; };
		2E9B94531AF2E5F00034A9D3 /* seasonsTableCell.xib */ = {isa = PBXFileReference; fileEncoding = 4; lastKnownFileType = file.xib; path = seasonsTableCell.xib; sourceTree = "<group>"; };
		2E9F3D301ADC25D700EB5DAF /* TvApp.app */ = {isa = PBXFileReference; explicitFileType = wrapper.application; includeInIndex = 0; path = TvApp.app; sourceTree = BUILT_PRODUCTS_DIR; };
		2E9F3D341ADC25D700EB5DAF /* Info.plist */ = {isa = PBXFileReference; lastKnownFileType = text.plist.xml; path = Info.plist; sourceTree = "<group>"; };
		2E9F3D351ADC25D700EB5DAF /* AppDelegate.swift */ = {isa = PBXFileReference; lastKnownFileType = sourcecode.swift; path = AppDelegate.swift; sourceTree = "<group>"; };
		2E9F3D3C1ADC25D700EB5DAF /* Base */ = {isa = PBXFileReference; lastKnownFileType = file.storyboard; name = Base; path = Base.lproj/Main.storyboard; sourceTree = "<group>"; };
		2E9F3D3E1ADC25D700EB5DAF /* Images.xcassets */ = {isa = PBXFileReference; lastKnownFileType = folder.assetcatalog; path = Images.xcassets; sourceTree = "<group>"; };
		2E9F3D411ADC25D700EB5DAF /* Base */ = {isa = PBXFileReference; lastKnownFileType = file.xib; name = Base; path = Base.lproj/LaunchScreen.xib; sourceTree = "<group>"; };
		2E9F3D471ADC25D700EB5DAF /* TvAppTests.xctest */ = {isa = PBXFileReference; explicitFileType = wrapper.cfbundle; includeInIndex = 0; path = TvAppTests.xctest; sourceTree = BUILT_PRODUCTS_DIR; };
		2E9F3D4C1ADC25D700EB5DAF /* Info.plist */ = {isa = PBXFileReference; lastKnownFileType = text.plist.xml; path = Info.plist; sourceTree = "<group>"; };
		2E9F3D4D1ADC25D700EB5DAF /* TvAppTests.swift */ = {isa = PBXFileReference; lastKnownFileType = sourcecode.swift; path = TvAppTests.swift; sourceTree = "<group>"; };
		2E9F3D5F1ADC2B6900EB5DAF /* AllShowsViewController.swift */ = {isa = PBXFileReference; fileEncoding = 4; lastKnownFileType = sourcecode.swift; path = AllShowsViewController.swift; sourceTree = "<group>"; };
		2E9F3D691ADC4EDD00EB5DAF /* CurrentEpisodesViewController.swift */ = {isa = PBXFileReference; fileEncoding = 4; lastKnownFileType = sourcecode.swift; path = CurrentEpisodesViewController.swift; sourceTree = "<group>"; };
		2E9F3D6D1ADC5DC400EB5DAF /* SettingsViewController.swift */ = {isa = PBXFileReference; fileEncoding = 4; lastKnownFileType = sourcecode.swift; path = SettingsViewController.swift; sourceTree = "<group>"; };
		2EA2EF2E1B01680A0064471C /* StringManipulation.swift */ = {isa = PBXFileReference; fileEncoding = 4; lastKnownFileType = sourcecode.swift; path = StringManipulation.swift; sourceTree = "<group>"; };
		2EA691BF1AFAB71400364A96 /* SeasonViewController.swift */ = {isa = PBXFileReference; fileEncoding = 4; lastKnownFileType = sourcecode.swift; path = SeasonViewController.swift; sourceTree = "<group>"; };
		2EB192121AEECF8800275CB4 /* currentEpisodesTableViewCell.xib */ = {isa = PBXFileReference; fileEncoding = 4; lastKnownFileType = file.xib; path = currentEpisodesTableViewCell.xib; sourceTree = "<group>"; };
		2EDA534C1B06778B00DE0A18 /* EpisodeViewController.swift */ = {isa = PBXFileReference; fileEncoding = 4; lastKnownFileType = sourcecode.swift; path = EpisodeViewController.swift; sourceTree = "<group>"; };
		2EE4255F1ADEB38700069B32 /* HTTPHelper.swift */ = {isa = PBXFileReference; fileEncoding = 4; lastKnownFileType = sourcecode.swift; path = HTTPHelper.swift; sourceTree = "<group>"; };
		2EE425611AE001E400069B32 /* Development.plist */ = {isa = PBXFileReference; fileEncoding = 4; lastKnownFileType = text.plist.xml; path = Development.plist; sourceTree = "<group>"; };
		2EE425631AE0020C00069B32 /* Production.plist */ = {isa = PBXFileReference; fileEncoding = 4; lastKnownFileType = text.plist.xml; path = Production.plist; sourceTree = "<group>"; };
		2EE425651AE00FED00069B32 /* EnvConfiguration.swift */ = {isa = PBXFileReference; fileEncoding = 4; lastKnownFileType = sourcecode.swift; path = EnvConfiguration.swift; sourceTree = "<group>"; };
		2EE425741AE5B73000069B32 /* ShowService.swift */ = {isa = PBXFileReference; fileEncoding = 4; lastKnownFileType = sourcecode.swift; path = ShowService.swift; sourceTree = "<group>"; };
		2EE4257F1AE7031500069B32 /* showsTableCell.xib */ = {isa = PBXFileReference; fileEncoding = 4; lastKnownFileType = file.xib; path = showsTableCell.xib; sourceTree = "<group>"; };
		2EE425811AE703A000069B32 /* AllShowsTableViewCell.swift */ = {isa = PBXFileReference; fileEncoding = 4; lastKnownFileType = sourcecode.swift; path = AllShowsTableViewCell.swift; sourceTree = "<group>"; };
		2EE425831AE7196B00069B32 /* ColorFromHex.swift */ = {isa = PBXFileReference; fileEncoding = 4; lastKnownFileType = sourcecode.swift; path = ColorFromHex.swift; sourceTree = "<group>"; };
		2EE425891AE8391F00069B32 /* EpisodeService.swift */ = {isa = PBXFileReference; fileEncoding = 4; lastKnownFileType = sourcecode.swift; path = EpisodeService.swift; sourceTree = "<group>"; };
		2EFA03B11AEA6752005CABCA /* ITC Avant Garde Gothic LT Bold.ttf */ = {isa = PBXFileReference; lastKnownFileType = file; path = "ITC Avant Garde Gothic LT Bold.ttf"; sourceTree = "<group>"; };
		2EFA03B21AEA6752005CABCA /* ITC Avant Garde Gothic LT Book.ttf */ = {isa = PBXFileReference; lastKnownFileType = file; path = "ITC Avant Garde Gothic LT Book.ttf"; sourceTree = "<group>"; };
		2EFA03B31AEA6752005CABCA /* ITC Avant Garde Gothic LT Demi.ttf */ = {isa = PBXFileReference; lastKnownFileType = file; path = "ITC Avant Garde Gothic LT Demi.ttf"; sourceTree = "<group>"; };
		2EFA03B41AEA6752005CABCA /* ITC Avant Garde Gothic LT Extra Light.ttf */ = {isa = PBXFileReference; lastKnownFileType = file; path = "ITC Avant Garde Gothic LT Extra Light.ttf"; sourceTree = "<group>"; };
		31BE989EF9F6C81E7E983491 /* Pods.development.xcconfig */ = {isa = PBXFileReference; includeInIndex = 1; lastKnownFileType = text.xcconfig; name = Pods.development.xcconfig; path = "Pods/Target Support Files/Pods/Pods.development.xcconfig"; sourceTree = "<group>"; };
		AD65FC7F7EDABC88CAA7D033 /* Pods.production.xcconfig */ = {isa = PBXFileReference; includeInIndex = 1; lastKnownFileType = text.xcconfig; name = Pods.production.xcconfig; path = "Pods/Target Support Files/Pods/Pods.production.xcconfig"; sourceTree = "<group>"; };
		B9921AFDF95E9EB8D1F7BB83 /* libPods.a */ = {isa = PBXFileReference; explicitFileType = archive.ar; includeInIndex = 0; path = libPods.a; sourceTree = BUILT_PRODUCTS_DIR; };
/* End PBXFileReference section */

/* Begin PBXFrameworksBuildPhase section */
		2E9F3D2D1ADC25D700EB5DAF /* Frameworks */ = {
			isa = PBXFrameworksBuildPhase;
			buildActionMask = 2147483647;
			files = (
				847B0F9709E4E2E72FF7CDBD /* libPods.a in Frameworks */,
			);
			runOnlyForDeploymentPostprocessing = 0;
		};
		2E9F3D441ADC25D700EB5DAF /* Frameworks */ = {
			isa = PBXFrameworksBuildPhase;
			buildActionMask = 2147483647;
			files = (
			);
			runOnlyForDeploymentPostprocessing = 0;
		};
/* End PBXFrameworksBuildPhase section */

/* Begin PBXGroup section */
		298421119671A7574BAAAED4 /* Pods */ = {
			isa = PBXGroup;
			children = (
				31BE989EF9F6C81E7E983491 /* Pods.development.xcconfig */,
				AD65FC7F7EDABC88CAA7D033 /* Pods.production.xcconfig */,
			);
			name = Pods;
			sourceTree = "<group>";
		};
		2E9F3D271ADC25D700EB5DAF = {
			isa = PBXGroup;
			children = (
				2E9F3D321ADC25D700EB5DAF /* TvApp */,
				2E9F3D4A1ADC25D700EB5DAF /* TvAppTests */,
				2E9F3D311ADC25D700EB5DAF /* Products */,
				298421119671A7574BAAAED4 /* Pods */,
				C28E771A4F58A96A3FD76EB5 /* Frameworks */,
			);
			sourceTree = "<group>";
		};
		2E9F3D311ADC25D700EB5DAF /* Products */ = {
			isa = PBXGroup;
			children = (
				2E9F3D301ADC25D700EB5DAF /* TvApp.app */,
				2E9F3D471ADC25D700EB5DAF /* TvAppTests.xctest */,
			);
			name = Products;
			sourceTree = "<group>";
		};
		2E9F3D321ADC25D700EB5DAF /* TvApp */ = {
			isa = PBXGroup;
			children = (
				2EFA03AF1AEA672F005CABCA /* Resources */,
				2E9F3D351ADC25D700EB5DAF /* AppDelegate.swift */,
				2E7FC3D11AFE74C0001F3BDA /* Constants.swift */,
				2EB192111AEECF5D00275CB4 /* CustomTableCells */,
				2EE425651AE00FED00069B32 /* EnvConfiguration.swift */,
				2EE425761AE5B74100069B32 /* Service Layer */,
				2E9F3D3B1ADC25D700EB5DAF /* Main.storyboard */,
				2EE4255C1ADD9F4A00069B32 /* Api Access */,
				2E9F3D5E1ADC2A5100EB5DAF /* Controllers */,
				2E9F3D3E1ADC25D700EB5DAF /* Images.xcassets */,
				2E9F3D401ADC25D700EB5DAF /* LaunchScreen.xib */,
				2E9F3D331ADC25D700EB5DAF /* Supporting Files */,
				2EE4256B1AE54C3400069B32 /* Data Objects */,
				2EE425831AE7196B00069B32 /* ColorFromHex.swift */,
				2EA2EF2E1B01680A0064471C /* StringManipulation.swift */,
				2E13A9AF1BF80BF800CB84B1 /* Functional.swift */,
				2E7FC3D01AFD1D02001F3BDA /* BridgingHeader.h */,
				2E13A9AB1BF8093100CB84B1 /* Result.swift */,
				2E13A9AD1BF80A1900CB84B1 /* Response.swift */,
				2E13A9A91BF7FD0A00CB84B1 /* JSONParser.swift */,
			);
			path = TvApp;
			sourceTree = "<group>";
		};
		2E9F3D331ADC25D700EB5DAF /* Supporting Files */ = {
			isa = PBXGroup;
			children = (
				2E9F3D341ADC25D700EB5DAF /* Info.plist */,
				2EE425611AE001E400069B32 /* Development.plist */,
				2EE425631AE0020C00069B32 /* Production.plist */,
			);
			name = "Supporting Files";
			sourceTree = "<group>";
		};
		2E9F3D4A1ADC25D700EB5DAF /* TvAppTests */ = {
			isa = PBXGroup;
			children = (
				2E9F3D4D1ADC25D700EB5DAF /* TvAppTests.swift */,
				2E9F3D4B1ADC25D700EB5DAF /* Supporting Files */,
			);
			path = TvAppTests;
			sourceTree = "<group>";
		};
		2E9F3D4B1ADC25D700EB5DAF /* Supporting Files */ = {
			isa = PBXGroup;
			children = (
				2E9F3D4C1ADC25D700EB5DAF /* Info.plist */,
			);
			name = "Supporting Files";
			sourceTree = "<group>";
		};
		2E9F3D5E1ADC2A5100EB5DAF /* Controllers */ = {
			isa = PBXGroup;
			children = (
				2E9F3D5F1ADC2B6900EB5DAF /* AllShowsViewController.swift */,
				2E9F3D691ADC4EDD00EB5DAF /* CurrentEpisodesViewController.swift */,
				2E9F3D6D1ADC5DC400EB5DAF /* SettingsViewController.swift */,
				2E16104F1AEFEC73009C3E74 /* ShowViewController.swift */,
				2EA691BF1AFAB71400364A96 /* SeasonViewController.swift */,
				2EDA534C1B06778B00DE0A18 /* EpisodeViewController.swift */,
				2E43D7951B0D11F8005D7FC6 /* CharactersViewController.swift */,
				2E551B951B23CA6900755FB6 /* OutfitsViewController.swift */,
			);
			name = Controllers;
			sourceTree = "<group>";
		};
		2EB192111AEECF5D00275CB4 /* CustomTableCells */ = {
			isa = PBXGroup;
			children = (
				2EE425811AE703A000069B32 /* AllShowsTableViewCell.swift */,
				2E4C0F831AEED3EA00722052 /* CurrentEpisodeViewCell.swift */,
				2E9B94511AF2B4B60034A9D3 /* SeasonsTableViewCell.swift */,
				2EE4257F1AE7031500069B32 /* showsTableCell.xib */,
				2EB192121AEECF8800275CB4 /* currentEpisodesTableViewCell.xib */,
				2E9B94531AF2E5F00034A9D3 /* seasonsTableCell.xib */,
			);
			name = CustomTableCells;
			sourceTree = "<group>";
		};
		2EE4255C1ADD9F4A00069B32 /* Api Access */ = {
			isa = PBXGroup;
			children = (
				2EE4255F1ADEB38700069B32 /* HTTPHelper.swift */,
			);
			name = "Api Access";
			sourceTree = "<group>";
		};
		2EE4256B1AE54C3400069B32 /* Data Objects */ = {
			isa = PBXGroup;
			children = (
				2E43D7931B0D0D61005D7FC6 /* Character.swift */,
				2E13A9A31BF7D70000CB84B1 /* Show.swift */,
				2E13A9A51BF7DEA900CB84B1 /* Episode.swift */,
				2E1610511AF173AD009C3E74 /* Season.swift */,
				2E7B0B241B23A15800668FB8 /* Outfit.swift */,
				2E551B971B23CC9300755FB6 /* OutfitItem.swift */,
			);
			name = "Data Objects";
			sourceTree = "<group>";
		};
		2EE425761AE5B74100069B32 /* Service Layer */ = {
			isa = PBXGroup;
			children = (
				2EE425741AE5B73000069B32 /* ShowService.swift */,
				2E9B94491AF17E9F0034A9D3 /* SeasonService.swift */,
				2EE425891AE8391F00069B32 /* EpisodeService.swift */,
			);
			name = "Service Layer";
			sourceTree = "<group>";
		};
		2EFA03AF1AEA672F005CABCA /* Resources */ = {
			isa = PBXGroup;
			children = (
				2EFA03B01AEA673D005CABCA /* Fonts */,
			);
			name = Resources;
			sourceTree = "<group>";
		};
		2EFA03B01AEA673D005CABCA /* Fonts */ = {
			isa = PBXGroup;
			children = (
				2EFA03B11AEA6752005CABCA /* ITC Avant Garde Gothic LT Bold.ttf */,
				2EFA03B21AEA6752005CABCA /* ITC Avant Garde Gothic LT Book.ttf */,
				2EFA03B31AEA6752005CABCA /* ITC Avant Garde Gothic LT Demi.ttf */,
				2EFA03B41AEA6752005CABCA /* ITC Avant Garde Gothic LT Extra Light.ttf */,
			);
			name = Fonts;
			sourceTree = "<group>";
		};
		C28E771A4F58A96A3FD76EB5 /* Frameworks */ = {
			isa = PBXGroup;
			children = (
				B9921AFDF95E9EB8D1F7BB83 /* libPods.a */,
			);
			name = Frameworks;
			sourceTree = "<group>";
		};
/* End PBXGroup section */

/* Begin PBXNativeTarget section */
		2E9F3D2F1ADC25D700EB5DAF /* TvApp */ = {
			isa = PBXNativeTarget;
			buildConfigurationList = 2E9F3D511ADC25D700EB5DAF /* Build configuration list for PBXNativeTarget "TvApp" */;
			buildPhases = (
				24D12267E2908F63BFB0CF49 /* Check Pods Manifest.lock */,
				2E9F3D2C1ADC25D700EB5DAF /* Sources */,
				2E9F3D2D1ADC25D700EB5DAF /* Frameworks */,
				2E9F3D2E1ADC25D700EB5DAF /* Resources */,
				5D45FCE5BDBB2C089FE78FE3 /* Copy Pods Resources */,
			);
			buildRules = (
			);
			dependencies = (
			);
			name = TvApp;
			productName = TvApp;
			productReference = 2E9F3D301ADC25D700EB5DAF /* TvApp.app */;
			productType = "com.apple.product-type.application";
		};
		2E9F3D461ADC25D700EB5DAF /* TvAppTests */ = {
			isa = PBXNativeTarget;
			buildConfigurationList = 2E9F3D541ADC25D700EB5DAF /* Build configuration list for PBXNativeTarget "TvAppTests" */;
			buildPhases = (
				2E9F3D431ADC25D700EB5DAF /* Sources */,
				2E9F3D441ADC25D700EB5DAF /* Frameworks */,
				2E9F3D451ADC25D700EB5DAF /* Resources */,
			);
			buildRules = (
			);
			dependencies = (
				2E9F3D491ADC25D700EB5DAF /* PBXTargetDependency */,
			);
			name = TvAppTests;
			productName = TvAppTests;
			productReference = 2E9F3D471ADC25D700EB5DAF /* TvAppTests.xctest */;
			productType = "com.apple.product-type.bundle.unit-test";
		};
/* End PBXNativeTarget section */

/* Begin PBXProject section */
		2E9F3D281ADC25D700EB5DAF /* Project object */ = {
			isa = PBXProject;
			attributes = {
				LastSwiftMigration = 0710;
				LastSwiftUpdateCheck = 0710;
				LastUpgradeCheck = 0710;
				ORGANIZATIONNAME = "Eric Vennaro";
				TargetAttributes = {
					2E9F3D2F1ADC25D700EB5DAF = {
						CreatedOnToolsVersion = 6.1.1;
						DevelopmentTeam = PQ553ZXC6M;
					};
					2E9F3D461ADC25D700EB5DAF = {
						CreatedOnToolsVersion = 6.1.1;
						TestTargetID = 2E9F3D2F1ADC25D700EB5DAF;
					};
				};
			};
			buildConfigurationList = 2E9F3D2B1ADC25D700EB5DAF /* Build configuration list for PBXProject "TvApp" */;
			compatibilityVersion = "Xcode 3.2";
			developmentRegion = English;
			hasScannedForEncodings = 0;
			knownRegions = (
				en,
				Base,
			);
			mainGroup = 2E9F3D271ADC25D700EB5DAF;
			productRefGroup = 2E9F3D311ADC25D700EB5DAF /* Products */;
			projectDirPath = "";
			projectRoot = "";
			targets = (
				2E9F3D2F1ADC25D700EB5DAF /* TvApp */,
				2E9F3D461ADC25D700EB5DAF /* TvAppTests */,
			);
		};
/* End PBXProject section */

/* Begin PBXResourcesBuildPhase section */
		2E9F3D2E1ADC25D700EB5DAF /* Resources */ = {
			isa = PBXResourcesBuildPhase;
			buildActionMask = 2147483647;
			files = (
				2EFA03B61AEA6770005CABCA /* ITC Avant Garde Gothic LT Demi.ttf in Resources */,
				2E9F3D3D1ADC25D700EB5DAF /* Main.storyboard in Resources */,
				2EE425641AE0020C00069B32 /* Production.plist in Resources */,
				2EFA03B81AEA6775005CABCA /* ITC Avant Garde Gothic LT Bold.ttf in Resources */,
				2EB192131AEECF8800275CB4 /* currentEpisodesTableViewCell.xib in Resources */,
				2EFA03B71AEA6772005CABCA /* ITC Avant Garde Gothic LT Book.ttf in Resources */,
				2EE425621AE001E400069B32 /* Development.plist in Resources */,
				2E9F3D421ADC25D700EB5DAF /* LaunchScreen.xib in Resources */,
				2EFA03B51AEA676C005CABCA /* ITC Avant Garde Gothic LT Extra Light.ttf in Resources */,
				2E9B94541AF2E5F00034A9D3 /* seasonsTableCell.xib in Resources */,
				2E9F3D3F1ADC25D700EB5DAF /* Images.xcassets in Resources */,
				2EE425801AE7031500069B32 /* showsTableCell.xib in Resources */,
			);
			runOnlyForDeploymentPostprocessing = 0;
		};
		2E9F3D451ADC25D700EB5DAF /* Resources */ = {
			isa = PBXResourcesBuildPhase;
			buildActionMask = 2147483647;
			files = (
			);
			runOnlyForDeploymentPostprocessing = 0;
		};
/* End PBXResourcesBuildPhase section */

/* Begin PBXShellScriptBuildPhase section */
		24D12267E2908F63BFB0CF49 /* Check Pods Manifest.lock */ = {
			isa = PBXShellScriptBuildPhase;
			buildActionMask = 2147483647;
			files = (
			);
			inputPaths = (
			);
			name = "Check Pods Manifest.lock";
			outputPaths = (
			);
			runOnlyForDeploymentPostprocessing = 0;
			shellPath = /bin/sh;
			shellScript = "diff \"${PODS_ROOT}/../Podfile.lock\" \"${PODS_ROOT}/Manifest.lock\" > /dev/null\nif [[ $? != 0 ]] ; then\n    cat << EOM\nerror: The sandbox is not in sync with the Podfile.lock. Run 'pod install' or update your CocoaPods installation.\nEOM\n    exit 1\nfi\n";
			showEnvVarsInLog = 0;
		};
		5D45FCE5BDBB2C089FE78FE3 /* Copy Pods Resources */ = {
			isa = PBXShellScriptBuildPhase;
			buildActionMask = 2147483647;
			files = (
			);
			inputPaths = (
			);
			name = "Copy Pods Resources";
			outputPaths = (
			);
			runOnlyForDeploymentPostprocessing = 0;
			shellPath = /bin/sh;
			shellScript = "\"${SRCROOT}/Pods/Target Support Files/Pods/Pods-resources.sh\"\n";
			showEnvVarsInLog = 0;
		};
/* End PBXShellScriptBuildPhase section */

/* Begin PBXSourcesBuildPhase section */
		2E9F3D2C1ADC25D700EB5DAF /* Sources */ = {
			isa = PBXSourcesBuildPhase;
			buildActionMask = 2147483647;
			files = (
				2E9F3D6A1ADC4EDD00EB5DAF /* CurrentEpisodesViewController.swift in Sources */,
				2EE425601ADEB38700069B32 /* HTTPHelper.swift in Sources */,
				2E1610521AF173AD009C3E74 /* Season.swift in Sources */,
				2EDA534D1B06778B00DE0A18 /* EpisodeViewController.swift in Sources */,
				2E7B0B251B23A15800668FB8 /* Outfit.swift in Sources */,
				2E7FC3D21AFE74C0001F3BDA /* Constants.swift in Sources */,
				2EE4258A1AE8391F00069B32 /* EpisodeService.swift in Sources */,
				2E43D7961B0D11F8005D7FC6 /* CharactersViewController.swift in Sources */,
				2E1610501AEFEC73009C3E74 /* ShowViewController.swift in Sources */,
				2EE425841AE7196B00069B32 /* ColorFromHex.swift in Sources */,
				2E9B944A1AF17E9F0034A9D3 /* SeasonService.swift in Sources */,
				2E13A9AA1BF7FD0A00CB84B1 /* JSONParser.swift in Sources */,
				2E13A9B01BF80BF800CB84B1 /* Functional.swift in Sources */,
				2EE425661AE00FED00069B32 /* EnvConfiguration.swift in Sources */,
				2E13A9A61BF7DEA900CB84B1 /* Episode.swift in Sources */,
				2E9F3D361ADC25D700EB5DAF /* AppDelegate.swift in Sources */,
				2E43D7941B0D0D61005D7FC6 /* Character.swift in Sources */,
				2EE425751AE5B73000069B32 /* ShowService.swift in Sources */,
				2E9F3D601ADC2B6900EB5DAF /* AllShowsViewController.swift in Sources */,
				2E13A9AC1BF8093100CB84B1 /* Result.swift in Sources */,
				2E13A9AE1BF80A1900CB84B1 /* Response.swift in Sources */,
				2E13A9A41BF7D70000CB84B1 /* Show.swift in Sources */,
				2E551B961B23CA6900755FB6 /* OutfitsViewController.swift in Sources */,
				2E4C0F841AEED3EA00722052 /* CurrentEpisodeViewCell.swift in Sources */,
				2EE425821AE703A000069B32 /* AllShowsTableViewCell.swift in Sources */,
				2E9B94521AF2B4B60034A9D3 /* SeasonsTableViewCell.swift in Sources */,
				2EA2EF2F1B01680A0064471C /* StringManipulation.swift in Sources */,
				2E551B981B23CC9300755FB6 /* OutfitItem.swift in Sources */,
				2EA691C01AFAB71400364A96 /* SeasonViewController.swift in Sources */,
				2E9F3D6E1ADC5DC400EB5DAF /* SettingsViewController.swift in Sources */,
			);
			runOnlyForDeploymentPostprocessing = 0;
		};
		2E9F3D431ADC25D700EB5DAF /* Sources */ = {
			isa = PBXSourcesBuildPhase;
			buildActionMask = 2147483647;
			files = (
				2E9F3D4E1ADC25D700EB5DAF /* TvAppTests.swift in Sources */,
			);
			runOnlyForDeploymentPostprocessing = 0;
		};
/* End PBXSourcesBuildPhase section */

/* Begin PBXTargetDependency section */
		2E9F3D491ADC25D700EB5DAF /* PBXTargetDependency */ = {
			isa = PBXTargetDependency;
			target = 2E9F3D2F1ADC25D700EB5DAF /* TvApp */;
			targetProxy = 2E9F3D481ADC25D700EB5DAF /* PBXContainerItemProxy */;
		};
/* End PBXTargetDependency section */

/* Begin PBXVariantGroup section */
		2E9F3D3B1ADC25D700EB5DAF /* Main.storyboard */ = {
			isa = PBXVariantGroup;
			children = (
				2E9F3D3C1ADC25D700EB5DAF /* Base */,
			);
			name = Main.storyboard;
			sourceTree = "<group>";
		};
		2E9F3D401ADC25D700EB5DAF /* LaunchScreen.xib */ = {
			isa = PBXVariantGroup;
			children = (
				2E9F3D411ADC25D700EB5DAF /* Base */,
			);
			name = LaunchScreen.xib;
			sourceTree = "<group>";
		};
/* End PBXVariantGroup section */

/* Begin XCBuildConfiguration section */
		2E9F3D4F1ADC25D700EB5DAF /* Development */ = {
			isa = XCBuildConfiguration;
			buildSettings = {
				ALWAYS_SEARCH_USER_PATHS = NO;
				CLANG_CXX_LANGUAGE_STANDARD = "gnu++0x";
				CLANG_CXX_LIBRARY = "libc++";
				CLANG_ENABLE_MODULES = YES;
				CLANG_ENABLE_OBJC_ARC = YES;
				CLANG_WARN_BOOL_CONVERSION = YES;
				CLANG_WARN_CONSTANT_CONVERSION = YES;
				CLANG_WARN_DIRECT_OBJC_ISA_USAGE = YES_ERROR;
				CLANG_WARN_EMPTY_BODY = YES;
				CLANG_WARN_ENUM_CONVERSION = YES;
				CLANG_WARN_INT_CONVERSION = YES;
				CLANG_WARN_OBJC_ROOT_CLASS = YES_ERROR;
				CLANG_WARN_UNREACHABLE_CODE = YES;
				CLANG_WARN__DUPLICATE_METHOD_MATCH = YES;
				"CODE_SIGN_IDENTITY[sdk=iphoneos*]" = "iPhone Developer";
				CONFIGURATION_PLIST = "Development-Config";
				COPY_PHASE_STRIP = NO;
				ENABLE_STRICT_OBJC_MSGSEND = YES;
				ENABLE_TESTABILITY = YES;
				GCC_C_LANGUAGE_STANDARD = gnu99;
				GCC_DYNAMIC_NO_PIC = NO;
				GCC_OPTIMIZATION_LEVEL = 0;
				GCC_PREPROCESSOR_DEFINITIONS = (
					"DEBUG=1",
					"$(inherited)",
				);
				GCC_SYMBOLS_PRIVATE_EXTERN = NO;
				GCC_WARN_64_TO_32_BIT_CONVERSION = YES;
				GCC_WARN_ABOUT_RETURN_TYPE = YES_ERROR;
				GCC_WARN_UNDECLARED_SELECTOR = YES;
				GCC_WARN_UNINITIALIZED_AUTOS = YES_AGGRESSIVE;
				GCC_WARN_UNUSED_FUNCTION = YES;
				GCC_WARN_UNUSED_VARIABLE = YES;
				IPHONEOS_DEPLOYMENT_TARGET = 8.1;
				MTL_ENABLE_DEBUG_INFO = YES;
				ONLY_ACTIVE_ARCH = YES;
				SDKROOT = iphoneos;
				SWIFT_OPTIMIZATION_LEVEL = "-Onone";
			};
			name = Development;
		};
		2E9F3D501ADC25D700EB5DAF /* Production */ = {
			isa = XCBuildConfiguration;
			buildSettings = {
				ALWAYS_SEARCH_USER_PATHS = NO;
				CLANG_CXX_LANGUAGE_STANDARD = "gnu++0x";
				CLANG_CXX_LIBRARY = "libc++";
				CLANG_ENABLE_MODULES = YES;
				CLANG_ENABLE_OBJC_ARC = YES;
				CLANG_WARN_BOOL_CONVERSION = YES;
				CLANG_WARN_CONSTANT_CONVERSION = YES;
				CLANG_WARN_DIRECT_OBJC_ISA_USAGE = YES_ERROR;
				CLANG_WARN_EMPTY_BODY = YES;
				CLANG_WARN_ENUM_CONVERSION = YES;
				CLANG_WARN_INT_CONVERSION = YES;
				CLANG_WARN_OBJC_ROOT_CLASS = YES_ERROR;
				CLANG_WARN_UNREACHABLE_CODE = YES;
				CLANG_WARN__DUPLICATE_METHOD_MATCH = YES;
				"CODE_SIGN_IDENTITY[sdk=iphoneos*]" = "iPhone Developer";
				CONFIGURATION_PLIST = "Production-Config";
				COPY_PHASE_STRIP = YES;
				ENABLE_NS_ASSERTIONS = NO;
				ENABLE_STRICT_OBJC_MSGSEND = YES;
				GCC_C_LANGUAGE_STANDARD = gnu99;
				GCC_WARN_64_TO_32_BIT_CONVERSION = YES;
				GCC_WARN_ABOUT_RETURN_TYPE = YES_ERROR;
				GCC_WARN_UNDECLARED_SELECTOR = YES;
				GCC_WARN_UNINITIALIZED_AUTOS = YES_AGGRESSIVE;
				GCC_WARN_UNUSED_FUNCTION = YES;
				GCC_WARN_UNUSED_VARIABLE = YES;
				IPHONEOS_DEPLOYMENT_TARGET = 8.1;
				MTL_ENABLE_DEBUG_INFO = NO;
				SDKROOT = iphoneos;
				VALIDATE_PRODUCT = YES;
			};
			name = Production;
		};
		2E9F3D521ADC25D700EB5DAF /* Development */ = {
			isa = XCBuildConfiguration;
			baseConfigurationReference = 31BE989EF9F6C81E7E983491 /* Pods.development.xcconfig */;
			buildSettings = {
				ASSETCATALOG_COMPILER_APPICON_NAME = AppIcon;
				CODE_SIGN_IDENTITY = "iPhone Developer";
				"CODE_SIGN_IDENTITY[sdk=iphoneos*]" = "iPhone Developer";
				INFOPLIST_FILE = TvApp/Info.plist;
				LD_RUNPATH_SEARCH_PATHS = "$(inherited) @executable_path/Frameworks";
				PRODUCT_BUNDLE_IDENTIFIER = "com.vennaro.$(PRODUCT_NAME:rfc1034identifier)";
				PRODUCT_NAME = "$(TARGET_NAME)";
				PROVISIONING_PROFILE = "";
				SWIFT_OBJC_BRIDGING_HEADER = TvApp/BridgingHeader.h;
				TARGETED_DEVICE_FAMILY = 1;
			};
			name = Development;
		};
		2E9F3D531ADC25D700EB5DAF /* Production */ = {
			isa = XCBuildConfiguration;
			baseConfigurationReference = AD65FC7F7EDABC88CAA7D033 /* Pods.production.xcconfig */;
			buildSettings = {
				ASSETCATALOG_COMPILER_APPICON_NAME = AppIcon;
				CODE_SIGN_IDENTITY = "iPhone Developer";
				"CODE_SIGN_IDENTITY[sdk=iphoneos*]" = "iPhone Developer";
				INFOPLIST_FILE = TvApp/Info.plist;
				LD_RUNPATH_SEARCH_PATHS = "$(inherited) @executable_path/Frameworks";
				PRODUCT_BUNDLE_IDENTIFIER = "com.vennaro.$(PRODUCT_NAME:rfc1034identifier)";
				PRODUCT_NAME = "$(TARGET_NAME)";
				PROVISIONING_PROFILE = "";
				SWIFT_OBJC_BRIDGING_HEADER = TvApp/BridgingHeader.h;
				TARGETED_DEVICE_FAMILY = 1;
			};
			name = Production;
		};
		2E9F3D551ADC25D700EB5DAF /* Development */ = {
			isa = XCBuildConfiguration;
			buildSettings = {
				BUNDLE_LOADER = "$(TEST_HOST)";
				FRAMEWORK_SEARCH_PATHS = (
					"$(SDKROOT)/Developer/Library/Frameworks",
					"$(inherited)",
				);
				GCC_PREPROCESSOR_DEFINITIONS = (
					"DEBUG=1",
					"$(inherited)",
				);
				INFOPLIST_FILE = TvAppTests/Info.plist;
				LD_RUNPATH_SEARCH_PATHS = "$(inherited) @executable_path/Frameworks @loader_path/Frameworks";
				PRODUCT_BUNDLE_IDENTIFIER = "com.vennaro.$(PRODUCT_NAME:rfc1034identifier)";
				PRODUCT_NAME = "$(TARGET_NAME)";
				TEST_HOST = "$(BUILT_PRODUCTS_DIR)/TvApp.app/TvApp";
			};
			name = Development;
		};
		2E9F3D561ADC25D700EB5DAF /* Production */ = {
			isa = XCBuildConfiguration;
			buildSettings = {
				BUNDLE_LOADER = "$(TEST_HOST)";
				FRAMEWORK_SEARCH_PATHS = (
					"$(SDKROOT)/Developer/Library/Frameworks",
					"$(inherited)",
				);
				INFOPLIST_FILE = TvAppTests/Info.plist;
				LD_RUNPATH_SEARCH_PATHS = "$(inherited) @executable_path/Frameworks @loader_path/Frameworks";
				PRODUCT_BUNDLE_IDENTIFIER = "com.vennaro.$(PRODUCT_NAME:rfc1034identifier)";
				PRODUCT_NAME = "$(TARGET_NAME)";
				TEST_HOST = "$(BUILT_PRODUCTS_DIR)/TvApp.app/TvApp";
			};
			name = Production;
		};
/* End XCBuildConfiguration section */

/* Begin XCConfigurationList section */
		2E9F3D2B1ADC25D700EB5DAF /* Build configuration list for PBXProject "TvApp" */ = {
			isa = XCConfigurationList;
			buildConfigurations = (
				2E9F3D4F1ADC25D700EB5DAF /* Development */,
				2E9F3D501ADC25D700EB5DAF /* Production */,
			);
			defaultConfigurationIsVisible = 0;
			defaultConfigurationName = Production;
		};
		2E9F3D511ADC25D700EB5DAF /* Build configuration list for PBXNativeTarget "TvApp" */ = {
			isa = XCConfigurationList;
			buildConfigurations = (
				2E9F3D521ADC25D700EB5DAF /* Development */,
				2E9F3D531ADC25D700EB5DAF /* Production */,
			);
			defaultConfigurationIsVisible = 0;
			defaultConfigurationName = Production;
		};
		2E9F3D541ADC25D700EB5DAF /* Build configuration list for PBXNativeTarget "TvAppTests" */ = {
			isa = XCConfigurationList;
			buildConfigurations = (
				2E9F3D551ADC25D700EB5DAF /* Development */,
				2E9F3D561ADC25D700EB5DAF /* Production */,
			);
			defaultConfigurationIsVisible = 0;
			defaultConfigurationName = Production;
		};
/* End XCConfigurationList section */
	};
	rootObject = 2E9F3D281ADC25D700EB5DAF /* Project object */;
}
