// !$*UTF8*$!
{
	archiveVersion = 1;
	classes = {
	};
	objectVersion = 46;
	objects = {

/* Begin PBXBuildFile section */
		2E9F3D361ADC25D700EB5DAF /* AppDelegate.swift in Sources */ = {isa = PBXBuildFile; fileRef = 2E9F3D351ADC25D700EB5DAF /* AppDelegate.swift */; };
		2E9F3D3D1ADC25D700EB5DAF /* Main.storyboard in Resources */ = {isa = PBXBuildFile; fileRef = 2E9F3D3B1ADC25D700EB5DAF /* Main.storyboard */; };
		2E9F3D3F1ADC25D700EB5DAF /* Images.xcassets in Resources */ = {isa = PBXBuildFile; fileRef = 2E9F3D3E1ADC25D700EB5DAF /* Images.xcassets */; };
		2E9F3D421ADC25D700EB5DAF /* LaunchScreen.xib in Resources */ = {isa = PBXBuildFile; fileRef = 2E9F3D401ADC25D700EB5DAF /* LaunchScreen.xib */; };
		2E9F3D4E1ADC25D700EB5DAF /* TvAppTests.swift in Sources */ = {isa = PBXBuildFile; fileRef = 2E9F3D4D1ADC25D700EB5DAF /* TvAppTests.swift */; };
		2E9F3D581ADC27D500EB5DAF /* niceSnow.png in Resources */ = {isa = PBXBuildFile; fileRef = 2E9F3D571ADC27D500EB5DAF /* niceSnow.png */; };
		2E9F3D601ADC2B6900EB5DAF /* AllShowsViewController.swift in Sources */ = {isa = PBXBuildFile; fileRef = 2E9F3D5F1ADC2B6900EB5DAF /* AllShowsViewController.swift */; };
		2E9F3D681ADC46DE00EB5DAF /* gears.png in Resources */ = {isa = PBXBuildFile; fileRef = 2E9F3D671ADC46DD00EB5DAF /* gears.png */; };
		2E9F3D6A1ADC4EDD00EB5DAF /* CurrentShowsViewController.swift in Sources */ = {isa = PBXBuildFile; fileRef = 2E9F3D691ADC4EDD00EB5DAF /* CurrentShowsViewController.swift */; };
		2E9F3D6E1ADC5DC400EB5DAF /* SettingsViewController.swift in Sources */ = {isa = PBXBuildFile; fileRef = 2E9F3D6D1ADC5DC400EB5DAF /* SettingsViewController.swift */; };
/* End PBXBuildFile section */

/* Begin PBXContainerItemProxy section */
		2E9F3D481ADC25D700EB5DAF /* PBXContainerItemProxy */ = {
			isa = PBXContainerItemProxy;
			containerPortal = 2E9F3D281ADC25D700EB5DAF /* Project object */;
			proxyType = 1;
			remoteGlobalIDString = 2E9F3D2F1ADC25D700EB5DAF;
			remoteInfo = TvApp;
		};
/* End PBXContainerItemProxy section */

/* Begin PBXFileReference section */
		2E9F3D301ADC25D700EB5DAF /* TvApp.app */ = {isa = PBXFileReference; explicitFileType = wrapper.application; includeInIndex = 0; path = TvApp.app; sourceTree = BUILT_PRODUCTS_DIR; };
		2E9F3D341ADC25D700EB5DAF /* Info.plist */ = {isa = PBXFileReference; lastKnownFileType = text.plist.xml; path = Info.plist; sourceTree = "<group>"; };
		2E9F3D351ADC25D700EB5DAF /* AppDelegate.swift */ = {isa = PBXFileReference; lastKnownFileType = sourcecode.swift; path = AppDelegate.swift; sourceTree = "<group>"; };
		2E9F3D3C1ADC25D700EB5DAF /* Base */ = {isa = PBXFileReference; lastKnownFileType = file.storyboard; name = Base; path = Base.lproj/Main.storyboard; sourceTree = "<group>"; };
		2E9F3D3E1ADC25D700EB5DAF /* Images.xcassets */ = {isa = PBXFileReference; lastKnownFileType = folder.assetcatalog; path = Images.xcassets; sourceTree = "<group>"; };
		2E9F3D411ADC25D700EB5DAF /* Base */ = {isa = PBXFileReference; lastKnownFileType = file.xib; name = Base; path = Base.lproj/LaunchScreen.xib; sourceTree = "<group>"; };
		2E9F3D471ADC25D700EB5DAF /* TvAppTests.xctest */ = {isa = PBXFileReference; explicitFileType = wrapper.cfbundle; includeInIndex = 0; path = TvAppTests.xctest; sourceTree = BUILT_PRODUCTS_DIR; };
		2E9F3D4C1ADC25D700EB5DAF /* Info.plist */ = {isa = PBXFileReference; lastKnownFileType = text.plist.xml; path = Info.plist; sourceTree = "<group>"; };
		2E9F3D4D1ADC25D700EB5DAF /* TvAppTests.swift */ = {isa = PBXFileReference; lastKnownFileType = sourcecode.swift; path = TvAppTests.swift; sourceTree = "<group>"; };
		2E9F3D571ADC27D500EB5DAF /* niceSnow.png */ = {isa = PBXFileReference; lastKnownFileType = image.png; path = niceSnow.png; sourceTree = "<group>"; };
		2E9F3D5F1ADC2B6900EB5DAF /* AllShowsViewController.swift */ = {isa = PBXFileReference; fileEncoding = 4; lastKnownFileType = sourcecode.swift; path = AllShowsViewController.swift; sourceTree = "<group>"; };
		2E9F3D671ADC46DD00EB5DAF /* gears.png */ = {isa = PBXFileReference; lastKnownFileType = image.png; path = gears.png; sourceTree = "<group>"; };
		2E9F3D691ADC4EDD00EB5DAF /* CurrentShowsViewController.swift */ = {isa = PBXFileReference; fileEncoding = 4; lastKnownFileType = sourcecode.swift; path = CurrentShowsViewController.swift; sourceTree = "<group>"; };
		2E9F3D6D1ADC5DC400EB5DAF /* SettingsViewController.swift */ = {isa = PBXFileReference; fileEncoding = 4; lastKnownFileType = sourcecode.swift; path = SettingsViewController.swift; sourceTree = "<group>"; };
/* End PBXFileReference section */

/* Begin PBXFrameworksBuildPhase section */
		2E9F3D2D1ADC25D700EB5DAF /* Frameworks */ = {
			isa = PBXFrameworksBuildPhase;
			buildActionMask = 2147483647;
			files = (
			);
			runOnlyForDeploymentPostprocessing = 0;
		};
		2E9F3D441ADC25D700EB5DAF /* Frameworks */ = {
			isa = PBXFrameworksBuildPhase;
			buildActionMask = 2147483647;
			files = (
			);
			runOnlyForDeploymentPostprocessing = 0;
		};
/* End PBXFrameworksBuildPhase section */

/* Begin PBXGroup section */
		2E9F3D271ADC25D700EB5DAF = {
			isa = PBXGroup;
			children = (
				2E9F3D321ADC25D700EB5DAF /* TvApp */,
				2E9F3D4A1ADC25D700EB5DAF /* TvAppTests */,
				2E9F3D311ADC25D700EB5DAF /* Products */,
			);
			sourceTree = "<group>";
		};
		2E9F3D311ADC25D700EB5DAF /* Products */ = {
			isa = PBXGroup;
			children = (
				2E9F3D301ADC25D700EB5DAF /* TvApp.app */,
				2E9F3D471ADC25D700EB5DAF /* TvAppTests.xctest */,
			);
			name = Products;
			sourceTree = "<group>";
		};
		2E9F3D321ADC25D700EB5DAF /* TvApp */ = {
			isa = PBXGroup;
			children = (
				2E9F3D591ADC27DB00EB5DAF /* images */,
				2E9F3D351ADC25D700EB5DAF /* AppDelegate.swift */,
				2E9F3D3B1ADC25D700EB5DAF /* Main.storyboard */,
				2E9F3D5E1ADC2A5100EB5DAF /* Controllers */,
				2E9F3D3E1ADC25D700EB5DAF /* Images.xcassets */,
				2E9F3D401ADC25D700EB5DAF /* LaunchScreen.xib */,
				2E9F3D331ADC25D700EB5DAF /* Supporting Files */,
			);
			path = TvApp;
			sourceTree = "<group>";
		};
		2E9F3D331ADC25D700EB5DAF /* Supporting Files */ = {
			isa = PBXGroup;
			children = (
				2E9F3D341ADC25D700EB5DAF /* Info.plist */,
			);
			name = "Supporting Files";
			sourceTree = "<group>";
		};
		2E9F3D4A1ADC25D700EB5DAF /* TvAppTests */ = {
			isa = PBXGroup;
			children = (
				2E9F3D4D1ADC25D700EB5DAF /* TvAppTests.swift */,
				2E9F3D4B1ADC25D700EB5DAF /* Supporting Files */,
			);
			path = TvAppTests;
			sourceTree = "<group>";
		};
		2E9F3D4B1ADC25D700EB5DAF /* Supporting Files */ = {
			isa = PBXGroup;
			children = (
				2E9F3D4C1ADC25D700EB5DAF /* Info.plist */,
			);
			name = "Supporting Files";
			sourceTree = "<group>";
		};
		2E9F3D591ADC27DB00EB5DAF /* images */ = {
			isa = PBXGroup;
			children = (
				2E9F3D671ADC46DD00EB5DAF /* gears.png */,
				2E9F3D571ADC27D500EB5DAF /* niceSnow.png */,
			);
			name = images;
			sourceTree = "<group>";
		};
		2E9F3D5E1ADC2A5100EB5DAF /* Controllers */ = {
			isa = PBXGroup;
			children = (
				2E9F3D5F1ADC2B6900EB5DAF /* AllShowsViewController.swift */,
				2E9F3D691ADC4EDD00EB5DAF /* CurrentShowsViewController.swift */,
				2E9F3D6D1ADC5DC400EB5DAF /* SettingsViewController.swift */,
			);
			name = Controllers;
			sourceTree = "<group>";
		};
/* End PBXGroup section */

/* Begin PBXNativeTarget section */
		2E9F3D2F1ADC25D700EB5DAF /* TvApp */ = {
			isa = PBXNativeTarget;
			buildConfigurationList = 2E9F3D511ADC25D700EB5DAF /* Build configuration list for PBXNativeTarget "TvApp" */;
			buildPhases = (
				2E9F3D2C1ADC25D700EB5DAF /* Sources */,
				2E9F3D2D1ADC25D700EB5DAF /* Frameworks */,
				2E9F3D2E1ADC25D700EB5DAF /* Resources */,
			);
			buildRules = (
			);
			dependencies = (
			);
			name = TvApp;
			productName = TvApp;
			productReference = 2E9F3D301ADC25D700EB5DAF /* TvApp.app */;
			productType = "com.apple.product-type.application";
		};
		2E9F3D461ADC25D700EB5DAF /* TvAppTests */ = {
			isa = PBXNativeTarget;
			buildConfigurationList = 2E9F3D541ADC25D700EB5DAF /* Build configuration list for PBXNativeTarget "TvAppTests" */;
			buildPhases = (
				2E9F3D431ADC25D700EB5DAF /* Sources */,
				2E9F3D441ADC25D700EB5DAF /* Frameworks */,
				2E9F3D451ADC25D700EB5DAF /* Resources */,
			);
			buildRules = (
			);
			dependencies = (
				2E9F3D491ADC25D700EB5DAF /* PBXTargetDependency */,
			);
			name = TvAppTests;
			productName = TvAppTests;
			productReference = 2E9F3D471ADC25D700EB5DAF /* TvAppTests.xctest */;
			productType = "com.apple.product-type.bundle.unit-test";
		};
/* End PBXNativeTarget section */

/* Begin PBXProject section */
		2E9F3D281ADC25D700EB5DAF /* Project object */ = {
			isa = PBXProject;
			attributes = {
				LastUpgradeCheck = 0610;
				ORGANIZATIONNAME = "Eric Vennaro";
				TargetAttributes = {
					2E9F3D2F1ADC25D700EB5DAF = {
						CreatedOnToolsVersion = 6.1.1;
					};
					2E9F3D461ADC25D700EB5DAF = {
						CreatedOnToolsVersion = 6.1.1;
						TestTargetID = 2E9F3D2F1ADC25D700EB5DAF;
					};
				};
			};
			buildConfigurationList = 2E9F3D2B1ADC25D700EB5DAF /* Build configuration list for PBXProject "TvApp" */;
			compatibilityVersion = "Xcode 3.2";
			developmentRegion = English;
			hasScannedForEncodings = 0;
			knownRegions = (
				en,
				Base,
			);
			mainGroup = 2E9F3D271ADC25D700EB5DAF;
			productRefGroup = 2E9F3D311ADC25D700EB5DAF /* Products */;
			projectDirPath = "";
			projectRoot = "";
			targets = (
				2E9F3D2F1ADC25D700EB5DAF /* TvApp */,
				2E9F3D461ADC25D700EB5DAF /* TvAppTests */,
			);
		};
/* End PBXProject section */

/* Begin PBXResourcesBuildPhase section */
		2E9F3D2E1ADC25D700EB5DAF /* Resources */ = {
			isa = PBXResourcesBuildPhase;
			buildActionMask = 2147483647;
			files = (
				2E9F3D3D1ADC25D700EB5DAF /* Main.storyboard in Resources */,
				2E9F3D581ADC27D500EB5DAF /* niceSnow.png in Resources */,
				2E9F3D421ADC25D700EB5DAF /* LaunchScreen.xib in Resources */,
				2E9F3D681ADC46DE00EB5DAF /* gears.png in Resources */,
				2E9F3D3F1ADC25D700EB5DAF /* Images.xcassets in Resources */,
			);
			runOnlyForDeploymentPostprocessing = 0;
		};
		2E9F3D451ADC25D700EB5DAF /* Resources */ = {
			isa = PBXResourcesBuildPhase;
			buildActionMask = 2147483647;
			files = (
			);
			runOnlyForDeploymentPostprocessing = 0;
		};
/* End PBXResourcesBuildPhase section */

/* Begin PBXSourcesBuildPhase section */
		2E9F3D2C1ADC25D700EB5DAF /* Sources */ = {
			isa = PBXSourcesBuildPhase;
			buildActionMask = 2147483647;
			files = (
				2E9F3D6A1ADC4EDD00EB5DAF /* CurrentShowsViewController.swift in Sources */,
				2E9F3D361ADC25D700EB5DAF /* AppDelegate.swift in Sources */,
				2E9F3D601ADC2B6900EB5DAF /* AllShowsViewController.swift in Sources */,
				2E9F3D6E1ADC5DC400EB5DAF /* SettingsViewController.swift in Sources */,
			);
			runOnlyForDeploymentPostprocessing = 0;
		};
		2E9F3D431ADC25D700EB5DAF /* Sources */ = {
			isa = PBXSourcesBuildPhase;
			buildActionMask = 2147483647;
			files = (
				2E9F3D4E1ADC25D700EB5DAF /* TvAppTests.swift in Sources */,
			);
			runOnlyForDeploymentPostprocessing = 0;
		};
/* End PBXSourcesBuildPhase section */

/* Begin PBXTargetDependency section */
		2E9F3D491ADC25D700EB5DAF /* PBXTargetDependency */ = {
			isa = PBXTargetDependency;
			target = 2E9F3D2F1ADC25D700EB5DAF /* TvApp */;
			targetProxy = 2E9F3D481ADC25D700EB5DAF /* PBXContainerItemProxy */;
		};
/* End PBXTargetDependency section */

/* Begin PBXVariantGroup section */
		2E9F3D3B1ADC25D700EB5DAF /* Main.storyboard */ = {
			isa = PBXVariantGroup;
			children = (
				2E9F3D3C1ADC25D700EB5DAF /* Base */,
			);
			name = Main.storyboard;
			sourceTree = "<group>";
		};
		2E9F3D401ADC25D700EB5DAF /* LaunchScreen.xib */ = {
			isa = PBXVariantGroup;
			children = (
				2E9F3D411ADC25D700EB5DAF /* Base */,
			);
			name = LaunchScreen.xib;
			sourceTree = "<group>";
		};
/* End PBXVariantGroup section */

/* Begin XCBuildConfiguration section */
		2E9F3D4F1ADC25D700EB5DAF /* Debug */ = {
			isa = XCBuildConfiguration;
			buildSettings = {
				ALWAYS_SEARCH_USER_PATHS = NO;
				CLANG_CXX_LANGUAGE_STANDARD = "gnu++0x";
				CLANG_CXX_LIBRARY = "libc++";
				CLANG_ENABLE_MODULES = YES;
				CLANG_ENABLE_OBJC_ARC = YES;
				CLANG_WARN_BOOL_CONVERSION = YES;
				CLANG_WARN_CONSTANT_CONVERSION = YES;
				CLANG_WARN_DIRECT_OBJC_ISA_USAGE = YES_ERROR;
				CLANG_WARN_EMPTY_BODY = YES;
				CLANG_WARN_ENUM_CONVERSION = YES;
				CLANG_WARN_INT_CONVERSION = YES;
				CLANG_WARN_OBJC_ROOT_CLASS = YES_ERROR;
				CLANG_WARN_UNREACHABLE_CODE = YES;
				CLANG_WARN__DUPLICATE_METHOD_MATCH = YES;
				"CODE_SIGN_IDENTITY[sdk=iphoneos*]" = "iPhone Developer";
				COPY_PHASE_STRIP = NO;
				ENABLE_STRICT_OBJC_MSGSEND = YES;
				GCC_C_LANGUAGE_STANDARD = gnu99;
				GCC_DYNAMIC_NO_PIC = NO;
				GCC_OPTIMIZATION_LEVEL = 0;
				GCC_PREPROCESSOR_DEFINITIONS = (
					"DEBUG=1",
					"$(inherited)",
				);
				GCC_SYMBOLS_PRIVATE_EXTERN = NO;
				GCC_WARN_64_TO_32_BIT_CONVERSION = YES;
				GCC_WARN_ABOUT_RETURN_TYPE = YES_ERROR;
				GCC_WARN_UNDECLARED_SELECTOR = YES;
				GCC_WARN_UNINITIALIZED_AUTOS = YES_AGGRESSIVE;
				GCC_WARN_UNUSED_FUNCTION = YES;
				GCC_WARN_UNUSED_VARIABLE = YES;
				IPHONEOS_DEPLOYMENT_TARGET = 8.1;
				MTL_ENABLE_DEBUG_INFO = YES;
				ONLY_ACTIVE_ARCH = YES;
				SDKROOT = iphoneos;
				SWIFT_OPTIMIZATION_LEVEL = "-Onone";
			};
			name = Debug;
		};
		2E9F3D501ADC25D700EB5DAF /* Release */ = {
			isa = XCBuildConfiguration;
			buildSettings = {
				ALWAYS_SEARCH_USER_PATHS = NO;
				CLANG_CXX_LANGUAGE_STANDARD = "gnu++0x";
				CLANG_CXX_LIBRARY = "libc++";
				CLANG_ENABLE_MODULES = YES;
				CLANG_ENABLE_OBJC_ARC = YES;
				CLANG_WARN_BOOL_CONVERSION = YES;
				CLANG_WARN_CONSTANT_CONVERSION = YES;
				CLANG_WARN_DIRECT_OBJC_ISA_USAGE = YES_ERROR;
				CLANG_WARN_EMPTY_BODY = YES;
				CLANG_WARN_ENUM_CONVERSION = YES;
				CLANG_WARN_INT_CONVERSION = YES;
				CLANG_WARN_OBJC_ROOT_CLASS = YES_ERROR;
				CLANG_WARN_UNREACHABLE_CODE = YES;
				CLANG_WARN__DUPLICATE_METHOD_MATCH = YES;
				"CODE_SIGN_IDENTITY[sdk=iphoneos*]" = "iPhone Developer";
				COPY_PHASE_STRIP = YES;
				ENABLE_NS_ASSERTIONS = NO;
				ENABLE_STRICT_OBJC_MSGSEND = YES;
				GCC_C_LANGUAGE_STANDARD = gnu99;
				GCC_WARN_64_TO_32_BIT_CONVERSION = YES;
				GCC_WARN_ABOUT_RETURN_TYPE = YES_ERROR;
				GCC_WARN_UNDECLARED_SELECTOR = YES;
				GCC_WARN_UNINITIALIZED_AUTOS = YES_AGGRESSIVE;
				GCC_WARN_UNUSED_FUNCTION = YES;
				GCC_WARN_UNUSED_VARIABLE = YES;
				IPHONEOS_DEPLOYMENT_TARGET = 8.1;
				MTL_ENABLE_DEBUG_INFO = NO;
				SDKROOT = iphoneos;
				VALIDATE_PRODUCT = YES;
			};
			name = Release;
		};
		2E9F3D521ADC25D700EB5DAF /* Debug */ = {
			isa = XCBuildConfiguration;
			buildSettings = {
				ASSETCATALOG_COMPILER_APPICON_NAME = AppIcon;
				INFOPLIST_FILE = TvApp/Info.plist;
				LD_RUNPATH_SEARCH_PATHS = "$(inherited) @executable_path/Frameworks";
				PRODUCT_NAME = "$(TARGET_NAME)";
				TARGETED_DEVICE_FAMILY = 1;
			};
			name = Debug;
		};
		2E9F3D531ADC25D700EB5DAF /* Release */ = {
			isa = XCBuildConfiguration;
			buildSettings = {
				ASSETCATALOG_COMPILER_APPICON_NAME = AppIcon;
				INFOPLIST_FILE = TvApp/Info.plist;
				LD_RUNPATH_SEARCH_PATHS = "$(inherited) @executable_path/Frameworks";
				PRODUCT_NAME = "$(TARGET_NAME)";
				TARGETED_DEVICE_FAMILY = 1;
			};
			name = Release;
		};
		2E9F3D551ADC25D700EB5DAF /* Debug */ = {
			isa = XCBuildConfiguration;
			buildSettings = {
				BUNDLE_LOADER = "$(TEST_HOST)";
				FRAMEWORK_SEARCH_PATHS = (
					"$(SDKROOT)/Developer/Library/Frameworks",
					"$(inherited)",
				);
				GCC_PREPROCESSOR_DEFINITIONS = (
					"DEBUG=1",
					"$(inherited)",
				);
				INFOPLIST_FILE = TvAppTests/Info.plist;
				LD_RUNPATH_SEARCH_PATHS = "$(inherited) @executable_path/Frameworks @loader_path/Frameworks";
				PRODUCT_NAME = "$(TARGET_NAME)";
				TEST_HOST = "$(BUILT_PRODUCTS_DIR)/TvApp.app/TvApp";
			};
			name = Debug;
		};
		2E9F3D561ADC25D700EB5DAF /* Release */ = {
			isa = XCBuildConfiguration;
			buildSettings = {
				BUNDLE_LOADER = "$(TEST_HOST)";
				FRAMEWORK_SEARCH_PATHS = (
					"$(SDKROOT)/Developer/Library/Frameworks",
					"$(inherited)",
				);
				INFOPLIST_FILE = TvAppTests/Info.plist;
				LD_RUNPATH_SEARCH_PATHS = "$(inherited) @executable_path/Frameworks @loader_path/Frameworks";
				PRODUCT_NAME = "$(TARGET_NAME)";
				TEST_HOST = "$(BUILT_PRODUCTS_DIR)/TvApp.app/TvApp";
			};
			name = Release;
		};
/* End XCBuildConfiguration section */

/* Begin XCConfigurationList section */
		2E9F3D2B1ADC25D700EB5DAF /* Build configuration list for PBXProject "TvApp" */ = {
			isa = XCConfigurationList;
			buildConfigurations = (
				2E9F3D4F1ADC25D700EB5DAF /* Debug */,
				2E9F3D501ADC25D700EB5DAF /* Release */,
			);
			defaultConfigurationIsVisible = 0;
			defaultConfigurationName = Release;
		};
		2E9F3D511ADC25D700EB5DAF /* Build configuration list for PBXNativeTarget "TvApp" */ = {
			isa = XCConfigurationList;
			buildConfigurations = (
				2E9F3D521ADC25D700EB5DAF /* Debug */,
				2E9F3D531ADC25D700EB5DAF /* Release */,
			);
			defaultConfigurationIsVisible = 0;
			defaultConfigurationName = Release;
		};
		2E9F3D541ADC25D700EB5DAF /* Build configuration list for PBXNativeTarget "TvAppTests" */ = {
			isa = XCConfigurationList;
			buildConfigurations = (
				2E9F3D551ADC25D700EB5DAF /* Debug */,
				2E9F3D561ADC25D700EB5DAF /* Release */,
			);
			defaultConfigurationIsVisible = 0;
			defaultConfigurationName = Release;
		};
/* End XCConfigurationList section */
	};
	rootObject = 2E9F3D281ADC25D700EB5DAF /* Project object */;
}
